
Microsoft Visual Studio Solution File, Format Version 12.00
# Visual Studio Version 16
VisualStudioVersion = 16.0.31019.35
MinimumVisualStudioVersion = 10.0.40219.1
Project("{9A19103F-16F7-4668-BE54-9A1E7A4F7556}") = "CardReaderSample", "SampleCardReader\CardReaderSample.csproj", "{8E386D2C-5746-40B2-97B7-36E008F8BC41}"
EndProject
Project("{9A19103F-16F7-4668-BE54-9A1E7A4F7556}") = "ServerHostSample", "SampleServerHost\ServerHostSample.csproj", "{F0DACDB2-DDAC-47AD-A385-F58C5C454A57}"
EndProject
Project("{9A19103F-16F7-4668-BE54-9A1E7A4F7556}") = "CashDispenserSample", "SampleCashDispenser\CashDispenserSample.csproj", "{0FD5CA11-864E-46EA-85C2-41F43D5ABD41}"
	ProjectSection(ProjectDependencies) = postProject
		{3AB69EE5-FB91-4ED7-B918-57C7E41DB31C} = {3AB69EE5-FB91-4ED7-B918-57C7E41DB31C}
	EndProjectSection
EndProject
Project("{9A19103F-16F7-4668-BE54-9A1E7A4F7556}") = "TextTerminalSample", "TextTerminalSample\TextTerminalSample.csproj", "{41A47965-FA37-4BDF-9468-1A4C5788A4EC}"
EndProject
Project("{9A19103F-16F7-4668-BE54-9A1E7A4F7556}") = "EncryptorSample", "SampleEncryptor\EncryptorSample.csproj", "{45C3A89D-B09C-4833-88FD-6266107FB409}"
EndProject
Project("{9A19103F-16F7-4668-BE54-9A1E7A4F7556}") = "PinPadSample", "SamplePinPad\PinPadSample.csproj", "{3ADC555E-05DA-4A0D-A414-5AF08170F693}"
EndProject
Project("{8BC9CEB8-8B4A-11D0-8D11-00A0C91BC942}") = "CashDispenserFirmware", "SampleCashDispenser\CashDispenserFirmware\CashDispenserFirmware.vcxproj", "{3AB69EE5-FB91-4ED7-B918-57C7E41DB31C}"
EndProject
Project("{9A19103F-16F7-4668-BE54-9A1E7A4F7556}") = "PrinterSample", "SamplePrinter\PrinterSample.csproj", "{85CF2E36-FFCD-4C90-AABE-4231697CA737}"
EndProject
Project("{9A19103F-16F7-4668-BE54-9A1E7A4F7556}") = "LightsSample", "SampleLights\LightsSample.csproj", "{4A7512A8-DC7A-40AC-8BBA-EA0A2AE83927}"
EndProject
Project("{9A19103F-16F7-4668-BE54-9A1E7A4F7556}") = "AuxiliariesSample", "AuxiliariesSample\AuxiliariesSample.csproj", "{B8DEAD27-B030-4851-872C-484EF3DB76BF}"
EndProject
Project("{9A19103F-16F7-4668-BE54-9A1E7A4F7556}") = "VendorModeSample", "SampleVendorMode\VendorModeSample.csproj", "{776B77FB-FF68-4FD8-9C1A-95325789B9D1}"
EndProject
Project("{9A19103F-16F7-4668-BE54-9A1E7A4F7556}") = "VendorApplicationSample", "SampleVendorApplication\VendorApplicationSample.csproj", "{77B9AC7B-4411-40EE-85BA-61EEF331B3DE}"
EndProject
Global
	GlobalSection(SolutionConfigurationPlatforms) = preSolution
		Debug|Any CPU = Debug|Any CPU
		Debug|x64 = Debug|x64
		Debug|x86 = Debug|x86
		Release|Any CPU = Release|Any CPU
		Release|x64 = Release|x64
		Release|x86 = Release|x86
	EndGlobalSection
	GlobalSection(ProjectConfigurationPlatforms) = postSolution
		{8E386D2C-5746-40B2-97B7-36E008F8BC41}.Debug|Any CPU.ActiveCfg = Debug|Any CPU
		{8E386D2C-5746-40B2-97B7-36E008F8BC41}.Debug|Any CPU.Build.0 = Debug|Any CPU
		{8E386D2C-5746-40B2-97B7-36E008F8BC41}.Debug|x64.ActiveCfg = Debug|Any CPU
		{8E386D2C-5746-40B2-97B7-36E008F8BC41}.Debug|x64.Build.0 = Debug|Any CPU
		{8E386D2C-5746-40B2-97B7-36E008F8BC41}.Debug|x86.ActiveCfg = Debug|Any CPU
		{8E386D2C-5746-40B2-97B7-36E008F8BC41}.Debug|x86.Build.0 = Debug|Any CPU
		{8E386D2C-5746-40B2-97B7-36E008F8BC41}.Release|Any CPU.ActiveCfg = Release|Any CPU
		{8E386D2C-5746-40B2-97B7-36E008F8BC41}.Release|Any CPU.Build.0 = Release|Any CPU
		{8E386D2C-5746-40B2-97B7-36E008F8BC41}.Release|x64.ActiveCfg = Release|Any CPU
		{8E386D2C-5746-40B2-97B7-36E008F8BC41}.Release|x64.Build.0 = Release|Any CPU
		{8E386D2C-5746-40B2-97B7-36E008F8BC41}.Release|x86.ActiveCfg = Release|Any CPU
		{8E386D2C-5746-40B2-97B7-36E008F8BC41}.Release|x86.Build.0 = Release|Any CPU
		{F0DACDB2-DDAC-47AD-A385-F58C5C454A57}.Debug|Any CPU.ActiveCfg = Debug|Any CPU
		{F0DACDB2-DDAC-47AD-A385-F58C5C454A57}.Debug|Any CPU.Build.0 = Debug|Any CPU
		{F0DACDB2-DDAC-47AD-A385-F58C5C454A57}.Debug|x64.ActiveCfg = Debug|Any CPU
		{F0DACDB2-DDAC-47AD-A385-F58C5C454A57}.Debug|x64.Build.0 = Debug|Any CPU
		{F0DACDB2-DDAC-47AD-A385-F58C5C454A57}.Debug|x86.ActiveCfg = Debug|Any CPU
		{F0DACDB2-DDAC-47AD-A385-F58C5C454A57}.Debug|x86.Build.0 = Debug|Any CPU
		{F0DACDB2-DDAC-47AD-A385-F58C5C454A57}.Release|Any CPU.ActiveCfg = Release|Any CPU
		{F0DACDB2-DDAC-47AD-A385-F58C5C454A57}.Release|Any CPU.Build.0 = Release|Any CPU
		{F0DACDB2-DDAC-47AD-A385-F58C5C454A57}.Release|x64.ActiveCfg = Release|Any CPU
		{F0DACDB2-DDAC-47AD-A385-F58C5C454A57}.Release|x64.Build.0 = Release|Any CPU
		{F0DACDB2-DDAC-47AD-A385-F58C5C454A57}.Release|x86.ActiveCfg = Release|Any CPU
		{F0DACDB2-DDAC-47AD-A385-F58C5C454A57}.Release|x86.Build.0 = Release|Any CPU
		{0FD5CA11-864E-46EA-85C2-41F43D5ABD41}.Debug|Any CPU.ActiveCfg = Debug|Any CPU
		{0FD5CA11-864E-46EA-85C2-41F43D5ABD41}.Debug|Any CPU.Build.0 = Debug|Any CPU
		{0FD5CA11-864E-46EA-85C2-41F43D5ABD41}.Debug|x64.ActiveCfg = Debug|Any CPU
		{0FD5CA11-864E-46EA-85C2-41F43D5ABD41}.Debug|x64.Build.0 = Debug|Any CPU
		{0FD5CA11-864E-46EA-85C2-41F43D5ABD41}.Debug|x86.ActiveCfg = Debug|Any CPU
		{0FD5CA11-864E-46EA-85C2-41F43D5ABD41}.Debug|x86.Build.0 = Debug|Any CPU
		{0FD5CA11-864E-46EA-85C2-41F43D5ABD41}.Release|Any CPU.ActiveCfg = Release|Any CPU
		{0FD5CA11-864E-46EA-85C2-41F43D5ABD41}.Release|Any CPU.Build.0 = Release|Any CPU
		{0FD5CA11-864E-46EA-85C2-41F43D5ABD41}.Release|x64.ActiveCfg = Release|Any CPU
		{0FD5CA11-864E-46EA-85C2-41F43D5ABD41}.Release|x64.Build.0 = Release|Any CPU
		{0FD5CA11-864E-46EA-85C2-41F43D5ABD41}.Release|x86.ActiveCfg = Release|Any CPU
		{0FD5CA11-864E-46EA-85C2-41F43D5ABD41}.Release|x86.Build.0 = Release|Any CPU
		{41A47965-FA37-4BDF-9468-1A4C5788A4EC}.Debug|Any CPU.ActiveCfg = Debug|Any CPU
		{41A47965-FA37-4BDF-9468-1A4C5788A4EC}.Debug|Any CPU.Build.0 = Debug|Any CPU
		{41A47965-FA37-4BDF-9468-1A4C5788A4EC}.Debug|x64.ActiveCfg = Debug|Any CPU
		{41A47965-FA37-4BDF-9468-1A4C5788A4EC}.Debug|x64.Build.0 = Debug|Any CPU
		{41A47965-FA37-4BDF-9468-1A4C5788A4EC}.Debug|x86.ActiveCfg = Debug|Any CPU
		{41A47965-FA37-4BDF-9468-1A4C5788A4EC}.Debug|x86.Build.0 = Debug|Any CPU
		{41A47965-FA37-4BDF-9468-1A4C5788A4EC}.Release|Any CPU.ActiveCfg = Release|Any CPU
		{41A47965-FA37-4BDF-9468-1A4C5788A4EC}.Release|Any CPU.Build.0 = Release|Any CPU
		{41A47965-FA37-4BDF-9468-1A4C5788A4EC}.Release|x64.ActiveCfg = Release|Any CPU
		{41A47965-FA37-4BDF-9468-1A4C5788A4EC}.Release|x64.Build.0 = Release|Any CPU
		{41A47965-FA37-4BDF-9468-1A4C5788A4EC}.Release|x86.ActiveCfg = Release|Any CPU
		{41A47965-FA37-4BDF-9468-1A4C5788A4EC}.Release|x86.Build.0 = Release|Any CPU
		{45C3A89D-B09C-4833-88FD-6266107FB409}.Debug|Any CPU.ActiveCfg = Debug|Any CPU
		{45C3A89D-B09C-4833-88FD-6266107FB409}.Debug|Any CPU.Build.0 = Debug|Any CPU
		{45C3A89D-B09C-4833-88FD-6266107FB409}.Debug|x64.ActiveCfg = Debug|Any CPU
		{45C3A89D-B09C-4833-88FD-6266107FB409}.Debug|x64.Build.0 = Debug|Any CPU
		{45C3A89D-B09C-4833-88FD-6266107FB409}.Debug|x86.ActiveCfg = Debug|Any CPU
		{45C3A89D-B09C-4833-88FD-6266107FB409}.Debug|x86.Build.0 = Debug|Any CPU
		{45C3A89D-B09C-4833-88FD-6266107FB409}.Release|Any CPU.ActiveCfg = Release|Any CPU
		{45C3A89D-B09C-4833-88FD-6266107FB409}.Release|Any CPU.Build.0 = Release|Any CPU
		{45C3A89D-B09C-4833-88FD-6266107FB409}.Release|x64.ActiveCfg = Release|Any CPU
		{45C3A89D-B09C-4833-88FD-6266107FB409}.Release|x64.Build.0 = Release|Any CPU
		{45C3A89D-B09C-4833-88FD-6266107FB409}.Release|x86.ActiveCfg = Release|Any CPU
		{45C3A89D-B09C-4833-88FD-6266107FB409}.Release|x86.Build.0 = Release|Any CPU
		{3ADC555E-05DA-4A0D-A414-5AF08170F693}.Debug|Any CPU.ActiveCfg = Debug|Any CPU
		{3ADC555E-05DA-4A0D-A414-5AF08170F693}.Debug|Any CPU.Build.0 = Debug|Any CPU
		{3ADC555E-05DA-4A0D-A414-5AF08170F693}.Debug|x64.ActiveCfg = Debug|Any CPU
		{3ADC555E-05DA-4A0D-A414-5AF08170F693}.Debug|x64.Build.0 = Debug|Any CPU
		{3ADC555E-05DA-4A0D-A414-5AF08170F693}.Debug|x86.ActiveCfg = Debug|Any CPU
		{3ADC555E-05DA-4A0D-A414-5AF08170F693}.Debug|x86.Build.0 = Debug|Any CPU
		{3ADC555E-05DA-4A0D-A414-5AF08170F693}.Release|Any CPU.ActiveCfg = Release|Any CPU
		{3ADC555E-05DA-4A0D-A414-5AF08170F693}.Release|Any CPU.Build.0 = Release|Any CPU
		{3ADC555E-05DA-4A0D-A414-5AF08170F693}.Release|x64.ActiveCfg = Release|Any CPU
		{3ADC555E-05DA-4A0D-A414-5AF08170F693}.Release|x64.Build.0 = Release|Any CPU
		{3ADC555E-05DA-4A0D-A414-5AF08170F693}.Release|x86.ActiveCfg = Release|Any CPU
		{3ADC555E-05DA-4A0D-A414-5AF08170F693}.Release|x86.Build.0 = Release|Any CPU
		{3AB69EE5-FB91-4ED7-B918-57C7E41DB31C}.Debug|Any CPU.ActiveCfg = Debug|x64
		{3AB69EE5-FB91-4ED7-B918-57C7E41DB31C}.Debug|Any CPU.Build.0 = Debug|x64
		{3AB69EE5-FB91-4ED7-B918-57C7E41DB31C}.Debug|x64.ActiveCfg = Debug|x64
		{3AB69EE5-FB91-4ED7-B918-57C7E41DB31C}.Debug|x64.Build.0 = Debug|x64
		{3AB69EE5-FB91-4ED7-B918-57C7E41DB31C}.Debug|x86.ActiveCfg = Debug|Win32
		{3AB69EE5-FB91-4ED7-B918-57C7E41DB31C}.Debug|x86.Build.0 = Debug|Win32
		{3AB69EE5-FB91-4ED7-B918-57C7E41DB31C}.Release|Any CPU.ActiveCfg = Release|x64
		{3AB69EE5-FB91-4ED7-B918-57C7E41DB31C}.Release|Any CPU.Build.0 = Release|x64
		{3AB69EE5-FB91-4ED7-B918-57C7E41DB31C}.Release|x64.ActiveCfg = Release|x64
		{3AB69EE5-FB91-4ED7-B918-57C7E41DB31C}.Release|x64.Build.0 = Release|x64
		{3AB69EE5-FB91-4ED7-B918-57C7E41DB31C}.Release|x86.ActiveCfg = Release|Win32
		{3AB69EE5-FB91-4ED7-B918-57C7E41DB31C}.Release|x86.Build.0 = Release|Win32
		{85CF2E36-FFCD-4C90-AABE-4231697CA737}.Debug|Any CPU.ActiveCfg = Debug|Any CPU
		{85CF2E36-FFCD-4C90-AABE-4231697CA737}.Debug|Any CPU.Build.0 = Debug|Any CPU
		{85CF2E36-FFCD-4C90-AABE-4231697CA737}.Debug|x64.ActiveCfg = Debug|Any CPU
		{85CF2E36-FFCD-4C90-AABE-4231697CA737}.Debug|x64.Build.0 = Debug|Any CPU
		{85CF2E36-FFCD-4C90-AABE-4231697CA737}.Debug|x86.ActiveCfg = Debug|Any CPU
		{85CF2E36-FFCD-4C90-AABE-4231697CA737}.Debug|x86.Build.0 = Debug|Any CPU
		{85CF2E36-FFCD-4C90-AABE-4231697CA737}.Release|Any CPU.ActiveCfg = Release|Any CPU
		{85CF2E36-FFCD-4C90-AABE-4231697CA737}.Release|Any CPU.Build.0 = Release|Any CPU
		{85CF2E36-FFCD-4C90-AABE-4231697CA737}.Release|x64.ActiveCfg = Release|Any CPU
		{85CF2E36-FFCD-4C90-AABE-4231697CA737}.Release|x64.Build.0 = Release|Any CPU
		{85CF2E36-FFCD-4C90-AABE-4231697CA737}.Release|x86.ActiveCfg = Release|Any CPU
		{85CF2E36-FFCD-4C90-AABE-4231697CA737}.Release|x86.Build.0 = Release|Any CPU
		{4A7512A8-DC7A-40AC-8BBA-EA0A2AE83927}.Debug|Any CPU.ActiveCfg = Debug|Any CPU
		{4A7512A8-DC7A-40AC-8BBA-EA0A2AE83927}.Debug|Any CPU.Build.0 = Debug|Any CPU
		{4A7512A8-DC7A-40AC-8BBA-EA0A2AE83927}.Debug|x64.ActiveCfg = Debug|Any CPU
		{4A7512A8-DC7A-40AC-8BBA-EA0A2AE83927}.Debug|x64.Build.0 = Debug|Any CPU
		{4A7512A8-DC7A-40AC-8BBA-EA0A2AE83927}.Debug|x86.ActiveCfg = Debug|Any CPU
		{4A7512A8-DC7A-40AC-8BBA-EA0A2AE83927}.Debug|x86.Build.0 = Debug|Any CPU
		{4A7512A8-DC7A-40AC-8BBA-EA0A2AE83927}.Release|Any CPU.ActiveCfg = Release|Any CPU
		{4A7512A8-DC7A-40AC-8BBA-EA0A2AE83927}.Release|Any CPU.Build.0 = Release|Any CPU
		{4A7512A8-DC7A-40AC-8BBA-EA0A2AE83927}.Release|x64.ActiveCfg = Release|Any CPU
		{4A7512A8-DC7A-40AC-8BBA-EA0A2AE83927}.Release|x64.Build.0 = Release|Any CPU
		{4A7512A8-DC7A-40AC-8BBA-EA0A2AE83927}.Release|x86.ActiveCfg = Release|Any CPU
		{4A7512A8-DC7A-40AC-8BBA-EA0A2AE83927}.Release|x86.Build.0 = Release|Any CPU
		{B8DEAD27-B030-4851-872C-484EF3DB76BF}.Debug|Any CPU.ActiveCfg = Debug|Any CPU
		{B8DEAD27-B030-4851-872C-484EF3DB76BF}.Debug|Any CPU.Build.0 = Debug|Any CPU
		{B8DEAD27-B030-4851-872C-484EF3DB76BF}.Debug|x64.ActiveCfg = Debug|Any CPU
		{B8DEAD27-B030-4851-872C-484EF3DB76BF}.Debug|x64.Build.0 = Debug|Any CPU
		{B8DEAD27-B030-4851-872C-484EF3DB76BF}.Debug|x86.ActiveCfg = Debug|Any CPU
		{B8DEAD27-B030-4851-872C-484EF3DB76BF}.Debug|x86.Build.0 = Debug|Any CPU
		{B8DEAD27-B030-4851-872C-484EF3DB76BF}.Release|Any CPU.ActiveCfg = Release|Any CPU
		{B8DEAD27-B030-4851-872C-484EF3DB76BF}.Release|Any CPU.Build.0 = Release|Any CPU
		{B8DEAD27-B030-4851-872C-484EF3DB76BF}.Release|x64.ActiveCfg = Release|Any CPU
		{B8DEAD27-B030-4851-872C-484EF3DB76BF}.Release|x64.Build.0 = Release|Any CPU
		{B8DEAD27-B030-4851-872C-484EF3DB76BF}.Release|x86.ActiveCfg = Release|Any CPU
		{B8DEAD27-B030-4851-872C-484EF3DB76BF}.Release|x86.Build.0 = Release|Any CPU
		{776B77FB-FF68-4FD8-9C1A-95325789B9D1}.Debug|Any CPU.ActiveCfg = Debug|Any CPU
		{776B77FB-FF68-4FD8-9C1A-95325789B9D1}.Debug|Any CPU.Build.0 = Debug|Any CPU
		{776B77FB-FF68-4FD8-9C1A-95325789B9D1}.Debug|x64.ActiveCfg = Debug|Any CPU
		{776B77FB-FF68-4FD8-9C1A-95325789B9D1}.Debug|x64.Build.0 = Debug|Any CPU
		{776B77FB-FF68-4FD8-9C1A-95325789B9D1}.Debug|x86.ActiveCfg = Debug|Any CPU
		{776B77FB-FF68-4FD8-9C1A-95325789B9D1}.Debug|x86.Build.0 = Debug|Any CPU
		{776B77FB-FF68-4FD8-9C1A-95325789B9D1}.Release|Any CPU.ActiveCfg = Release|Any CPU
		{776B77FB-FF68-4FD8-9C1A-95325789B9D1}.Release|Any CPU.Build.0 = Release|Any CPU
		{776B77FB-FF68-4FD8-9C1A-95325789B9D1}.Release|x64.ActiveCfg = Release|Any CPU
		{776B77FB-FF68-4FD8-9C1A-95325789B9D1}.Release|x64.Build.0 = Release|Any CPU
		{776B77FB-FF68-4FD8-9C1A-95325789B9D1}.Release|x86.ActiveCfg = Release|Any CPU
		{776B77FB-FF68-4FD8-9C1A-95325789B9D1}.Release|x86.Build.0 = Release|Any CPU
		{77B9AC7B-4411-40EE-85BA-61EEF331B3DE}.Debug|Any CPU.ActiveCfg = Debug|Any CPU
		{77B9AC7B-4411-40EE-85BA-61EEF331B3DE}.Debug|Any CPU.Build.0 = Debug|Any CPU
		{77B9AC7B-4411-40EE-85BA-61EEF331B3DE}.Debug|x64.ActiveCfg = Debug|Any CPU
		{77B9AC7B-4411-40EE-85BA-61EEF331B3DE}.Debug|x64.Build.0 = Debug|Any CPU
		{77B9AC7B-4411-40EE-85BA-61EEF331B3DE}.Debug|x86.ActiveCfg = Debug|Any CPU
		{77B9AC7B-4411-40EE-85BA-61EEF331B3DE}.Debug|x86.Build.0 = Debug|Any CPU
		{77B9AC7B-4411-40EE-85BA-61EEF331B3DE}.Release|Any CPU.ActiveCfg = Release|Any CPU
		{77B9AC7B-4411-40EE-85BA-61EEF331B3DE}.Release|Any CPU.Build.0 = Release|Any CPU
		{77B9AC7B-4411-40EE-85BA-61EEF331B3DE}.Release|x64.ActiveCfg = Release|Any CPU
		{77B9AC7B-4411-40EE-85BA-61EEF331B3DE}.Release|x64.Build.0 = Release|Any CPU
		{77B9AC7B-4411-40EE-85BA-61EEF331B3DE}.Release|x86.ActiveCfg = Release|Any CPU
		{77B9AC7B-4411-40EE-85BA-61EEF331B3DE}.Release|x86.Build.0 = Release|Any CPU
	EndGlobalSection
	GlobalSection(SolutionProperties) = preSolution
		HideSolutionNode = FALSE
	EndGlobalSection
	GlobalSection(ExtensibilityGlobals) = postSolution
		SolutionGuid = {23393606-79E1-406A-96B2-F18F0E861BBA}
	EndGlobalSection
EndGlobal
