
Microsoft Visual Studio Solution File, Format Version 12.00
# Visual Studio Version 16
VisualStudioVersion = 16.0.31019.35
MinimumVisualStudioVersion = 10.0.40219.1
Project("{9A19103F-16F7-4668-BE54-9A1E7A4F7556}") = "TextTerminalSample", "TextTerminalSample\TextTerminalSample.csproj", "{41A47965-FA37-4BDF-9468-1A4C5788A4EC}"
EndProject
Project("{9A19103F-16F7-4668-BE54-9A1E7A4F7556}") = "AuxiliariesSample", "AuxiliariesSample\AuxiliariesSample.csproj", "{B8DEAD27-B030-4851-872C-484EF3DB76BF}"
EndProject
Project("{9A19103F-16F7-4668-BE54-9A1E7A4F7556}") = "BiometricSample", "BiometricSample\BiometricSample.csproj", "{762B7345-A6C9-46D5-8E0B-1E4F7D0A4A1D}"
EndProject
Project("{9A19103F-16F7-4668-BE54-9A1E7A4F7556}") = "BarcodeReaderSample", "BarcodeReaderSample\BarcodeReaderSample.csproj", "{7640770D-0CB6-414C-BE38-4F291E383DF1}"
EndProject
Project("{9A19103F-16F7-4668-BE54-9A1E7A4F7556}") = "CardReaderSample", "CardReaderSample\CardReaderSample.csproj", "{B83CFA22-A56B-43B7-9003-26B57BDFD042}"
EndProject
Project("{9A19103F-16F7-4668-BE54-9A1E7A4F7556}") = "CashDispenserSample", "CashDispenserSample\CashDispenserSample.csproj", "{5EB138E8-982E-4ECE-92F0-BE5C59D68BC4}"
EndProject
Project("{9A19103F-16F7-4668-BE54-9A1E7A4F7556}") = "EncryptorSample", "EncryptorSample\EncryptorSample.csproj", "{621F266E-BC04-4914-B55B-30E7C36B3933}"
EndProject
Project("{9A19103F-16F7-4668-BE54-9A1E7A4F7556}") = "LightsSample", "LightsSample\LightsSample.csproj", "{66864EBD-2BA8-49AE-A821-21CF0EF2C016}"
EndProject
Project("{9A19103F-16F7-4668-BE54-9A1E7A4F7556}") = "PinPadSample", "PinPadSample\PinPadSample.csproj", "{96CF6410-9050-43A2-9EE4-11FD49C0F3FB}"
EndProject
Project("{9A19103F-16F7-4668-BE54-9A1E7A4F7556}") = "PrinterSample", "PrinterSample\PrinterSample.csproj", "{88E2C863-2C60-4848-906D-EA0F0C27EDFB}"
EndProject
Project("{9A19103F-16F7-4668-BE54-9A1E7A4F7556}") = "ServerHostSample", "ServerHostSample\ServerHostSample.csproj", "{00DF8607-1CD3-42E7-BE2C-2392B75A71FC}"
EndProject
Project("{9A19103F-16F7-4668-BE54-9A1E7A4F7556}") = "VendorApplicationSample", "VendorApplicationSample\VendorApplicationSample.csproj", "{E585C848-465E-45A8-8D76-B087C3109727}"
EndProject
Project("{9A19103F-16F7-4668-BE54-9A1E7A4F7556}") = "VendorModeSample", "VendorModeSample\VendorModeSample.csproj", "{61DA2B2A-B965-40DF-9BCA-2FB85FA86589}"
EndProject
Project("{8BC9CEB8-8B4A-11D0-8D11-00A0C91BC942}") = "CashDispenserFirmware", "CashDispenserSample\CashDispenserFirmware\CashDispenserFirmware.vcxproj", "{3AB69EE5-FB91-4ED7-B918-57C7E41DB31C}"
EndProject
Project("{9A19103F-16F7-4668-BE54-9A1E7A4F7556}") = "CashAcceptorSample", "CashAcceptorSample\CashAcceptorSample.csproj", "{B941F565-8BDC-40DD-AD33-223287B95F4C}"
EndProject
Project("{9A19103F-16F7-4668-BE54-9A1E7A4F7556}") = "CashRecyclerSample", "CashRecyclerSample\CashRecyclerSample.csproj", "{EA2169C7-7637-4B16-B6B3-F8FB2EC46B62}"
EndProject
Global
	GlobalSection(SolutionConfigurationPlatforms) = preSolution
		Debug|Any CPU = Debug|Any CPU
		Debug|x64 = Debug|x64
		Debug|x86 = Debug|x86
		Release|Any CPU = Release|Any CPU
		Release|x64 = Release|x64
		Release|x86 = Release|x86
	EndGlobalSection
	GlobalSection(ProjectConfigurationPlatforms) = postSolution
		{41A47965-FA37-4BDF-9468-1A4C5788A4EC}.Debug|Any CPU.ActiveCfg = Debug|Any CPU
		{41A47965-FA37-4BDF-9468-1A4C5788A4EC}.Debug|Any CPU.Build.0 = Debug|Any CPU
		{41A47965-FA37-4BDF-9468-1A4C5788A4EC}.Debug|x64.ActiveCfg = Debug|Any CPU
		{41A47965-FA37-4BDF-9468-1A4C5788A4EC}.Debug|x64.Build.0 = Debug|Any CPU
		{41A47965-FA37-4BDF-9468-1A4C5788A4EC}.Debug|x86.ActiveCfg = Debug|Any CPU
		{41A47965-FA37-4BDF-9468-1A4C5788A4EC}.Debug|x86.Build.0 = Debug|Any CPU
		{41A47965-FA37-4BDF-9468-1A4C5788A4EC}.Release|Any CPU.ActiveCfg = Release|Any CPU
		{41A47965-FA37-4BDF-9468-1A4C5788A4EC}.Release|Any CPU.Build.0 = Release|Any CPU
		{41A47965-FA37-4BDF-9468-1A4C5788A4EC}.Release|x64.ActiveCfg = Release|Any CPU
		{41A47965-FA37-4BDF-9468-1A4C5788A4EC}.Release|x64.Build.0 = Release|Any CPU
		{41A47965-FA37-4BDF-9468-1A4C5788A4EC}.Release|x86.ActiveCfg = Release|Any CPU
		{41A47965-FA37-4BDF-9468-1A4C5788A4EC}.Release|x86.Build.0 = Release|Any CPU
		{B8DEAD27-B030-4851-872C-484EF3DB76BF}.Debug|Any CPU.ActiveCfg = Debug|Any CPU
		{B8DEAD27-B030-4851-872C-484EF3DB76BF}.Debug|Any CPU.Build.0 = Debug|Any CPU
		{B8DEAD27-B030-4851-872C-484EF3DB76BF}.Debug|x64.ActiveCfg = Debug|Any CPU
		{B8DEAD27-B030-4851-872C-484EF3DB76BF}.Debug|x64.Build.0 = Debug|Any CPU
		{B8DEAD27-B030-4851-872C-484EF3DB76BF}.Debug|x86.ActiveCfg = Debug|Any CPU
		{B8DEAD27-B030-4851-872C-484EF3DB76BF}.Debug|x86.Build.0 = Debug|Any CPU
		{B8DEAD27-B030-4851-872C-484EF3DB76BF}.Release|Any CPU.ActiveCfg = Release|Any CPU
		{B8DEAD27-B030-4851-872C-484EF3DB76BF}.Release|Any CPU.Build.0 = Release|Any CPU
		{B8DEAD27-B030-4851-872C-484EF3DB76BF}.Release|x64.ActiveCfg = Release|Any CPU
		{B8DEAD27-B030-4851-872C-484EF3DB76BF}.Release|x64.Build.0 = Release|Any CPU
		{B8DEAD27-B030-4851-872C-484EF3DB76BF}.Release|x86.ActiveCfg = Release|Any CPU
		{B8DEAD27-B030-4851-872C-484EF3DB76BF}.Release|x86.Build.0 = Release|Any CPU
		{762B7345-A6C9-46D5-8E0B-1E4F7D0A4A1D}.Debug|Any CPU.ActiveCfg = Debug|Any CPU
		{762B7345-A6C9-46D5-8E0B-1E4F7D0A4A1D}.Debug|Any CPU.Build.0 = Debug|Any CPU
		{762B7345-A6C9-46D5-8E0B-1E4F7D0A4A1D}.Debug|x64.ActiveCfg = Debug|Any CPU
		{762B7345-A6C9-46D5-8E0B-1E4F7D0A4A1D}.Debug|x64.Build.0 = Debug|Any CPU
		{762B7345-A6C9-46D5-8E0B-1E4F7D0A4A1D}.Debug|x86.ActiveCfg = Debug|Any CPU
		{762B7345-A6C9-46D5-8E0B-1E4F7D0A4A1D}.Debug|x86.Build.0 = Debug|Any CPU
		{762B7345-A6C9-46D5-8E0B-1E4F7D0A4A1D}.Release|Any CPU.ActiveCfg = Release|Any CPU
		{762B7345-A6C9-46D5-8E0B-1E4F7D0A4A1D}.Release|Any CPU.Build.0 = Release|Any CPU
		{762B7345-A6C9-46D5-8E0B-1E4F7D0A4A1D}.Release|x64.ActiveCfg = Release|Any CPU
		{762B7345-A6C9-46D5-8E0B-1E4F7D0A4A1D}.Release|x64.Build.0 = Release|Any CPU
		{762B7345-A6C9-46D5-8E0B-1E4F7D0A4A1D}.Release|x86.ActiveCfg = Release|Any CPU
		{762B7345-A6C9-46D5-8E0B-1E4F7D0A4A1D}.Release|x86.Build.0 = Release|Any CPU
		{7640770D-0CB6-414C-BE38-4F291E383DF1}.Debug|Any CPU.ActiveCfg = Debug|Any CPU
		{7640770D-0CB6-414C-BE38-4F291E383DF1}.Debug|Any CPU.Build.0 = Debug|Any CPU
		{7640770D-0CB6-414C-BE38-4F291E383DF1}.Debug|x64.ActiveCfg = Debug|Any CPU
		{7640770D-0CB6-414C-BE38-4F291E383DF1}.Debug|x64.Build.0 = Debug|Any CPU
		{7640770D-0CB6-414C-BE38-4F291E383DF1}.Debug|x86.ActiveCfg = Debug|Any CPU
		{7640770D-0CB6-414C-BE38-4F291E383DF1}.Debug|x86.Build.0 = Debug|Any CPU
		{7640770D-0CB6-414C-BE38-4F291E383DF1}.Release|Any CPU.ActiveCfg = Release|Any CPU
		{7640770D-0CB6-414C-BE38-4F291E383DF1}.Release|Any CPU.Build.0 = Release|Any CPU
		{7640770D-0CB6-414C-BE38-4F291E383DF1}.Release|x64.ActiveCfg = Release|Any CPU
		{7640770D-0CB6-414C-BE38-4F291E383DF1}.Release|x64.Build.0 = Release|Any CPU
		{7640770D-0CB6-414C-BE38-4F291E383DF1}.Release|x86.ActiveCfg = Release|Any CPU
		{7640770D-0CB6-414C-BE38-4F291E383DF1}.Release|x86.Build.0 = Release|Any CPU
		{B83CFA22-A56B-43B7-9003-26B57BDFD042}.Debug|Any CPU.ActiveCfg = Debug|Any CPU
		{B83CFA22-A56B-43B7-9003-26B57BDFD042}.Debug|Any CPU.Build.0 = Debug|Any CPU
		{B83CFA22-A56B-43B7-9003-26B57BDFD042}.Debug|x64.ActiveCfg = Debug|Any CPU
		{B83CFA22-A56B-43B7-9003-26B57BDFD042}.Debug|x64.Build.0 = Debug|Any CPU
		{B83CFA22-A56B-43B7-9003-26B57BDFD042}.Debug|x86.ActiveCfg = Debug|Any CPU
		{B83CFA22-A56B-43B7-9003-26B57BDFD042}.Debug|x86.Build.0 = Debug|Any CPU
		{B83CFA22-A56B-43B7-9003-26B57BDFD042}.Release|Any CPU.ActiveCfg = Release|Any CPU
		{B83CFA22-A56B-43B7-9003-26B57BDFD042}.Release|Any CPU.Build.0 = Release|Any CPU
		{B83CFA22-A56B-43B7-9003-26B57BDFD042}.Release|x64.ActiveCfg = Release|Any CPU
		{B83CFA22-A56B-43B7-9003-26B57BDFD042}.Release|x64.Build.0 = Release|Any CPU
		{B83CFA22-A56B-43B7-9003-26B57BDFD042}.Release|x86.ActiveCfg = Release|Any CPU
		{B83CFA22-A56B-43B7-9003-26B57BDFD042}.Release|x86.Build.0 = Release|Any CPU
		{5EB138E8-982E-4ECE-92F0-BE5C59D68BC4}.Debug|Any CPU.ActiveCfg = Debug|Any CPU
		{5EB138E8-982E-4ECE-92F0-BE5C59D68BC4}.Debug|Any CPU.Build.0 = Debug|Any CPU
		{5EB138E8-982E-4ECE-92F0-BE5C59D68BC4}.Debug|x64.ActiveCfg = Debug|Any CPU
		{5EB138E8-982E-4ECE-92F0-BE5C59D68BC4}.Debug|x64.Build.0 = Debug|Any CPU
		{5EB138E8-982E-4ECE-92F0-BE5C59D68BC4}.Debug|x86.ActiveCfg = Debug|Any CPU
		{5EB138E8-982E-4ECE-92F0-BE5C59D68BC4}.Debug|x86.Build.0 = Debug|Any CPU
		{5EB138E8-982E-4ECE-92F0-BE5C59D68BC4}.Release|Any CPU.ActiveCfg = Release|Any CPU
		{5EB138E8-982E-4ECE-92F0-BE5C59D68BC4}.Release|Any CPU.Build.0 = Release|Any CPU
		{5EB138E8-982E-4ECE-92F0-BE5C59D68BC4}.Release|x64.ActiveCfg = Release|Any CPU
		{5EB138E8-982E-4ECE-92F0-BE5C59D68BC4}.Release|x64.Build.0 = Release|Any CPU
		{5EB138E8-982E-4ECE-92F0-BE5C59D68BC4}.Release|x86.ActiveCfg = Release|Any CPU
		{5EB138E8-982E-4ECE-92F0-BE5C59D68BC4}.Release|x86.Build.0 = Release|Any CPU
		{621F266E-BC04-4914-B55B-30E7C36B3933}.Debug|Any CPU.ActiveCfg = Debug|Any CPU
		{621F266E-BC04-4914-B55B-30E7C36B3933}.Debug|Any CPU.Build.0 = Debug|Any CPU
		{621F266E-BC04-4914-B55B-30E7C36B3933}.Debug|x64.ActiveCfg = Debug|Any CPU
		{621F266E-BC04-4914-B55B-30E7C36B3933}.Debug|x64.Build.0 = Debug|Any CPU
		{621F266E-BC04-4914-B55B-30E7C36B3933}.Debug|x86.ActiveCfg = Debug|Any CPU
		{621F266E-BC04-4914-B55B-30E7C36B3933}.Debug|x86.Build.0 = Debug|Any CPU
		{621F266E-BC04-4914-B55B-30E7C36B3933}.Release|Any CPU.ActiveCfg = Release|Any CPU
		{621F266E-BC04-4914-B55B-30E7C36B3933}.Release|Any CPU.Build.0 = Release|Any CPU
		{621F266E-BC04-4914-B55B-30E7C36B3933}.Release|x64.ActiveCfg = Release|Any CPU
		{621F266E-BC04-4914-B55B-30E7C36B3933}.Release|x64.Build.0 = Release|Any CPU
		{621F266E-BC04-4914-B55B-30E7C36B3933}.Release|x86.ActiveCfg = Release|Any CPU
		{621F266E-BC04-4914-B55B-30E7C36B3933}.Release|x86.Build.0 = Release|Any CPU
		{66864EBD-2BA8-49AE-A821-21CF0EF2C016}.Debug|Any CPU.ActiveCfg = Debug|Any CPU
		{66864EBD-2BA8-49AE-A821-21CF0EF2C016}.Debug|Any CPU.Build.0 = Debug|Any CPU
		{66864EBD-2BA8-49AE-A821-21CF0EF2C016}.Debug|x64.ActiveCfg = Debug|Any CPU
		{66864EBD-2BA8-49AE-A821-21CF0EF2C016}.Debug|x64.Build.0 = Debug|Any CPU
		{66864EBD-2BA8-49AE-A821-21CF0EF2C016}.Debug|x86.ActiveCfg = Debug|Any CPU
		{66864EBD-2BA8-49AE-A821-21CF0EF2C016}.Debug|x86.Build.0 = Debug|Any CPU
		{66864EBD-2BA8-49AE-A821-21CF0EF2C016}.Release|Any CPU.ActiveCfg = Release|Any CPU
		{66864EBD-2BA8-49AE-A821-21CF0EF2C016}.Release|Any CPU.Build.0 = Release|Any CPU
		{66864EBD-2BA8-49AE-A821-21CF0EF2C016}.Release|x64.ActiveCfg = Release|Any CPU
		{66864EBD-2BA8-49AE-A821-21CF0EF2C016}.Release|x64.Build.0 = Release|Any CPU
		{66864EBD-2BA8-49AE-A821-21CF0EF2C016}.Release|x86.ActiveCfg = Release|Any CPU
		{66864EBD-2BA8-49AE-A821-21CF0EF2C016}.Release|x86.Build.0 = Release|Any CPU
		{96CF6410-9050-43A2-9EE4-11FD49C0F3FB}.Debug|Any CPU.ActiveCfg = Debug|Any CPU
		{96CF6410-9050-43A2-9EE4-11FD49C0F3FB}.Debug|Any CPU.Build.0 = Debug|Any CPU
		{96CF6410-9050-43A2-9EE4-11FD49C0F3FB}.Debug|x64.ActiveCfg = Debug|Any CPU
		{96CF6410-9050-43A2-9EE4-11FD49C0F3FB}.Debug|x64.Build.0 = Debug|Any CPU
		{96CF6410-9050-43A2-9EE4-11FD49C0F3FB}.Debug|x86.ActiveCfg = Debug|Any CPU
		{96CF6410-9050-43A2-9EE4-11FD49C0F3FB}.Debug|x86.Build.0 = Debug|Any CPU
		{96CF6410-9050-43A2-9EE4-11FD49C0F3FB}.Release|Any CPU.ActiveCfg = Release|Any CPU
		{96CF6410-9050-43A2-9EE4-11FD49C0F3FB}.Release|Any CPU.Build.0 = Release|Any CPU
		{96CF6410-9050-43A2-9EE4-11FD49C0F3FB}.Release|x64.ActiveCfg = Release|Any CPU
		{96CF6410-9050-43A2-9EE4-11FD49C0F3FB}.Release|x64.Build.0 = Release|Any CPU
		{96CF6410-9050-43A2-9EE4-11FD49C0F3FB}.Release|x86.ActiveCfg = Release|Any CPU
		{96CF6410-9050-43A2-9EE4-11FD49C0F3FB}.Release|x86.Build.0 = Release|Any CPU
		{88E2C863-2C60-4848-906D-EA0F0C27EDFB}.Debug|Any CPU.ActiveCfg = Debug|Any CPU
		{88E2C863-2C60-4848-906D-EA0F0C27EDFB}.Debug|Any CPU.Build.0 = Debug|Any CPU
		{88E2C863-2C60-4848-906D-EA0F0C27EDFB}.Debug|x64.ActiveCfg = Debug|Any CPU
		{88E2C863-2C60-4848-906D-EA0F0C27EDFB}.Debug|x64.Build.0 = Debug|Any CPU
		{88E2C863-2C60-4848-906D-EA0F0C27EDFB}.Debug|x86.ActiveCfg = Debug|Any CPU
		{88E2C863-2C60-4848-906D-EA0F0C27EDFB}.Debug|x86.Build.0 = Debug|Any CPU
		{88E2C863-2C60-4848-906D-EA0F0C27EDFB}.Release|Any CPU.ActiveCfg = Release|Any CPU
		{88E2C863-2C60-4848-906D-EA0F0C27EDFB}.Release|Any CPU.Build.0 = Release|Any CPU
		{88E2C863-2C60-4848-906D-EA0F0C27EDFB}.Release|x64.ActiveCfg = Release|Any CPU
		{88E2C863-2C60-4848-906D-EA0F0C27EDFB}.Release|x64.Build.0 = Release|Any CPU
		{88E2C863-2C60-4848-906D-EA0F0C27EDFB}.Release|x86.ActiveCfg = Release|Any CPU
		{88E2C863-2C60-4848-906D-EA0F0C27EDFB}.Release|x86.Build.0 = Release|Any CPU
		{00DF8607-1CD3-42E7-BE2C-2392B75A71FC}.Debug|Any CPU.ActiveCfg = Debug|Any CPU
		{00DF8607-1CD3-42E7-BE2C-2392B75A71FC}.Debug|Any CPU.Build.0 = Debug|Any CPU
		{00DF8607-1CD3-42E7-BE2C-2392B75A71FC}.Debug|x64.ActiveCfg = Debug|Any CPU
		{00DF8607-1CD3-42E7-BE2C-2392B75A71FC}.Debug|x64.Build.0 = Debug|Any CPU
		{00DF8607-1CD3-42E7-BE2C-2392B75A71FC}.Debug|x86.ActiveCfg = Debug|Any CPU
		{00DF8607-1CD3-42E7-BE2C-2392B75A71FC}.Debug|x86.Build.0 = Debug|Any CPU
		{00DF8607-1CD3-42E7-BE2C-2392B75A71FC}.Release|Any CPU.ActiveCfg = Release|Any CPU
		{00DF8607-1CD3-42E7-BE2C-2392B75A71FC}.Release|Any CPU.Build.0 = Release|Any CPU
		{00DF8607-1CD3-42E7-BE2C-2392B75A71FC}.Release|x64.ActiveCfg = Release|Any CPU
		{00DF8607-1CD3-42E7-BE2C-2392B75A71FC}.Release|x64.Build.0 = Release|Any CPU
		{00DF8607-1CD3-42E7-BE2C-2392B75A71FC}.Release|x86.ActiveCfg = Release|Any CPU
		{00DF8607-1CD3-42E7-BE2C-2392B75A71FC}.Release|x86.Build.0 = Release|Any CPU
		{E585C848-465E-45A8-8D76-B087C3109727}.Debug|Any CPU.ActiveCfg = Debug|Any CPU
		{E585C848-465E-45A8-8D76-B087C3109727}.Debug|Any CPU.Build.0 = Debug|Any CPU
		{E585C848-465E-45A8-8D76-B087C3109727}.Debug|x64.ActiveCfg = Debug|Any CPU
		{E585C848-465E-45A8-8D76-B087C3109727}.Debug|x64.Build.0 = Debug|Any CPU
		{E585C848-465E-45A8-8D76-B087C3109727}.Debug|x86.ActiveCfg = Debug|Any CPU
		{E585C848-465E-45A8-8D76-B087C3109727}.Debug|x86.Build.0 = Debug|Any CPU
		{E585C848-465E-45A8-8D76-B087C3109727}.Release|Any CPU.ActiveCfg = Release|Any CPU
		{E585C848-465E-45A8-8D76-B087C3109727}.Release|Any CPU.Build.0 = Release|Any CPU
		{E585C848-465E-45A8-8D76-B087C3109727}.Release|x64.ActiveCfg = Release|Any CPU
		{E585C848-465E-45A8-8D76-B087C3109727}.Release|x64.Build.0 = Release|Any CPU
		{E585C848-465E-45A8-8D76-B087C3109727}.Release|x86.ActiveCfg = Release|Any CPU
		{E585C848-465E-45A8-8D76-B087C3109727}.Release|x86.Build.0 = Release|Any CPU
		{61DA2B2A-B965-40DF-9BCA-2FB85FA86589}.Debug|Any CPU.ActiveCfg = Debug|Any CPU
		{61DA2B2A-B965-40DF-9BCA-2FB85FA86589}.Debug|Any CPU.Build.0 = Debug|Any CPU
		{61DA2B2A-B965-40DF-9BCA-2FB85FA86589}.Debug|x64.ActiveCfg = Debug|Any CPU
		{61DA2B2A-B965-40DF-9BCA-2FB85FA86589}.Debug|x64.Build.0 = Debug|Any CPU
		{61DA2B2A-B965-40DF-9BCA-2FB85FA86589}.Debug|x86.ActiveCfg = Debug|Any CPU
		{61DA2B2A-B965-40DF-9BCA-2FB85FA86589}.Debug|x86.Build.0 = Debug|Any CPU
		{61DA2B2A-B965-40DF-9BCA-2FB85FA86589}.Release|Any CPU.ActiveCfg = Release|Any CPU
		{61DA2B2A-B965-40DF-9BCA-2FB85FA86589}.Release|Any CPU.Build.0 = Release|Any CPU
		{61DA2B2A-B965-40DF-9BCA-2FB85FA86589}.Release|x64.ActiveCfg = Release|Any CPU
		{61DA2B2A-B965-40DF-9BCA-2FB85FA86589}.Release|x64.Build.0 = Release|Any CPU
		{61DA2B2A-B965-40DF-9BCA-2FB85FA86589}.Release|x86.ActiveCfg = Release|Any CPU
		{61DA2B2A-B965-40DF-9BCA-2FB85FA86589}.Release|x86.Build.0 = Release|Any CPU
		{3AB69EE5-FB91-4ED7-B918-57C7E41DB31C}.Debug|Any CPU.ActiveCfg = Debug|Win32
		{3AB69EE5-FB91-4ED7-B918-57C7E41DB31C}.Debug|x64.ActiveCfg = Debug|x64
		{3AB69EE5-FB91-4ED7-B918-57C7E41DB31C}.Debug|x64.Build.0 = Debug|x64
		{3AB69EE5-FB91-4ED7-B918-57C7E41DB31C}.Debug|x86.ActiveCfg = Debug|Win32
		{3AB69EE5-FB91-4ED7-B918-57C7E41DB31C}.Debug|x86.Build.0 = Debug|Win32
		{3AB69EE5-FB91-4ED7-B918-57C7E41DB31C}.Release|Any CPU.ActiveCfg = Release|Win32
		{3AB69EE5-FB91-4ED7-B918-57C7E41DB31C}.Release|x64.ActiveCfg = Release|x64
		{3AB69EE5-FB91-4ED7-B918-57C7E41DB31C}.Release|x64.Build.0 = Release|x64
		{3AB69EE5-FB91-4ED7-B918-57C7E41DB31C}.Release|x86.ActiveCfg = Release|Win32
		{3AB69EE5-FB91-4ED7-B918-57C7E41DB31C}.Release|x86.Build.0 = Release|Win32
		{B941F565-8BDC-40DD-AD33-223287B95F4C}.Debug|Any CPU.ActiveCfg = Debug|Any CPU
		{B941F565-8BDC-40DD-AD33-223287B95F4C}.Debug|Any CPU.Build.0 = Debug|Any CPU
		{B941F565-8BDC-40DD-AD33-223287B95F4C}.Debug|x64.ActiveCfg = Debug|Any CPU
		{B941F565-8BDC-40DD-AD33-223287B95F4C}.Debug|x64.Build.0 = Debug|Any CPU
		{B941F565-8BDC-40DD-AD33-223287B95F4C}.Debug|x86.ActiveCfg = Debug|Any CPU
		{B941F565-8BDC-40DD-AD33-223287B95F4C}.Debug|x86.Build.0 = Debug|Any CPU
		{B941F565-8BDC-40DD-AD33-223287B95F4C}.Release|Any CPU.ActiveCfg = Release|Any CPU
		{B941F565-8BDC-40DD-AD33-223287B95F4C}.Release|Any CPU.Build.0 = Release|Any CPU
		{B941F565-8BDC-40DD-AD33-223287B95F4C}.Release|x64.ActiveCfg = Release|Any CPU
		{B941F565-8BDC-40DD-AD33-223287B95F4C}.Release|x64.Build.0 = Release|Any CPU
		{B941F565-8BDC-40DD-AD33-223287B95F4C}.Release|x86.ActiveCfg = Release|Any CPU
		{B941F565-8BDC-40DD-AD33-223287B95F4C}.Release|x86.Build.0 = Release|Any CPU
		{EA2169C7-7637-4B16-B6B3-F8FB2EC46B62}.Debug|Any CPU.ActiveCfg = Debug|Any CPU
		{EA2169C7-7637-4B16-B6B3-F8FB2EC46B62}.Debug|Any CPU.Build.0 = Debug|Any CPU
		{EA2169C7-7637-4B16-B6B3-F8FB2EC46B62}.Debug|x64.ActiveCfg = Debug|Any CPU
		{EA2169C7-7637-4B16-B6B3-F8FB2EC46B62}.Debug|x64.Build.0 = Debug|Any CPU
		{EA2169C7-7637-4B16-B6B3-F8FB2EC46B62}.Debug|x86.ActiveCfg = Debug|Any CPU
		{EA2169C7-7637-4B16-B6B3-F8FB2EC46B62}.Debug|x86.Build.0 = Debug|Any CPU
		{EA2169C7-7637-4B16-B6B3-F8FB2EC46B62}.Release|Any CPU.ActiveCfg = Release|Any CPU
		{EA2169C7-7637-4B16-B6B3-F8FB2EC46B62}.Release|Any CPU.Build.0 = Release|Any CPU
		{EA2169C7-7637-4B16-B6B3-F8FB2EC46B62}.Release|x64.ActiveCfg = Release|Any CPU
		{EA2169C7-7637-4B16-B6B3-F8FB2EC46B62}.Release|x64.Build.0 = Release|Any CPU
		{EA2169C7-7637-4B16-B6B3-F8FB2EC46B62}.Release|x86.ActiveCfg = Release|Any CPU
		{EA2169C7-7637-4B16-B6B3-F8FB2EC46B62}.Release|x86.Build.0 = Release|Any CPU
	EndGlobalSection
	GlobalSection(SolutionProperties) = preSolution
		HideSolutionNode = FALSE
	EndGlobalSection
	GlobalSection(ExtensibilityGlobals) = postSolution
		SolutionGuid = {23393606-79E1-406A-96B2-F18F0E861BBA}
	EndGlobalSection
EndGlobal
