
Microsoft Visual Studio Solution File, Format Version 12.00
# Visual Studio Version 17
VisualStudioVersion = 17.1.32319.34
MinimumVisualStudioVersion = 10.0.40219.1
Project("{9A19103F-16F7-4668-BE54-9A1E7A4F7556}") = "Templates", "Templates.csproj", "{BF666CA2-A967-4787-ABC4-7EE24112278C}"
EndProject
Project("{9A19103F-16F7-4668-BE54-9A1E7A4F7556}") = "CardReaderTemplate", "CardReader\CardReaderTemplate.csproj", "{718F9ADC-1A5B-4137-9EC2-43E2BB215868}"
EndProject
Project("{9A19103F-16F7-4668-BE54-9A1E7A4F7556}") = "AuxiliariesTemplate", "Auxiliaries\AuxiliariesTemplate.csproj", "{61BD462E-E7AA-40F9-A2C6-9506701E85E7}"
EndProject
Project("{9A19103F-16F7-4668-BE54-9A1E7A4F7556}") = "BarcodeReaderTemplate", "BarcodeReader\BarcodeReaderTemplate.csproj", "{7FA0D743-B0C3-432F-A823-CCBAA7B1F4EC}"
EndProject
Project("{9A19103F-16F7-4668-BE54-9A1E7A4F7556}") = "BiometricTemplate", "Biometric\BiometricTemplate.csproj", "{4FC57080-2327-4046-9FD7-7EEFD3777498}"
EndProject
Project("{9A19103F-16F7-4668-BE54-9A1E7A4F7556}") = "CashAcceptorTemplate", "CashAcceptor\CashAcceptorTemplate.csproj", "{13E9082D-98DC-4560-B3FD-4142A5498C26}"
EndProject
Project("{9A19103F-16F7-4668-BE54-9A1E7A4F7556}") = "LightsTemplate", "Lights\LightsTemplate.csproj", "{10DF3657-9904-4DE1-BC8A-C797D331FE6C}"
EndProject
Project("{9A19103F-16F7-4668-BE54-9A1E7A4F7556}") = "PinPadTemplate", "PinPad\PinPadTemplate.csproj", "{A783F437-DC34-4599-B701-EA8366561205}"
EndProject
Project("{9A19103F-16F7-4668-BE54-9A1E7A4F7556}") = "PrinterTemplate", "Printer\PrinterTemplate.csproj", "{5536EEAF-4E36-4595-908F-FBDA7A7FFBD9}"
EndProject
Project("{9A19103F-16F7-4668-BE54-9A1E7A4F7556}") = "TextTerminalTemplate", "TextTerminal\TextTerminalTemplate.csproj", "{77C731FC-BABA-4AA6-B361-68A2ADB060F6}"
EndProject
Project("{9A19103F-16F7-4668-BE54-9A1E7A4F7556}") = "VendorApplicationTemplate", "VendorApplication\VendorApplicationTemplate.csproj", "{1D13586A-1989-415C-BA15-E74BEC34738A}"
EndProject
Project("{9A19103F-16F7-4668-BE54-9A1E7A4F7556}") = "VendorModeTemplate", "VendorMode\VendorModeTemplate.csproj", "{DC60EE8F-A937-42F6-ACEF-1FA4A2524D6B}"
EndProject
Project("{9A19103F-16F7-4668-BE54-9A1E7A4F7556}") = "CashDispenserTemplate", "CashDispenser\CashDispenserTemplate.csproj", "{FC73B449-BC98-4887-BE57-B0375997E76C}"
EndProject
Project("{9A19103F-16F7-4668-BE54-9A1E7A4F7556}") = "CashRecyclerTemplate", "CashRecycler\CashRecyclerTemplate.csproj", "{2C44F0C0-31F9-4010-8239-1CFF09EF2F99}"
EndProject
Project("{9A19103F-16F7-4668-BE54-9A1E7A4F7556}") = "CameraTemplate", "Camera\CameraTemplate.csproj", "{18F66B95-B591-40D7-A9E9-EE4B4FB88CE4}"
EndProject
Global
	GlobalSection(SolutionConfigurationPlatforms) = preSolution
		Debug|Any CPU = Debug|Any CPU
		Debug|x64 = Debug|x64
		Debug|x86 = Debug|x86
		Release|Any CPU = Release|Any CPU
		Release|x64 = Release|x64
		Release|x86 = Release|x86
	EndGlobalSection
	GlobalSection(ProjectConfigurationPlatforms) = postSolution
		{BF666CA2-A967-4787-ABC4-7EE24112278C}.Debug|Any CPU.ActiveCfg = Debug|Any CPU
		{BF666CA2-A967-4787-ABC4-7EE24112278C}.Debug|Any CPU.Build.0 = Debug|Any CPU
		{BF666CA2-A967-4787-ABC4-7EE24112278C}.Debug|x64.ActiveCfg = Debug|Any CPU
		{BF666CA2-A967-4787-ABC4-7EE24112278C}.Debug|x64.Build.0 = Debug|Any CPU
		{BF666CA2-A967-4787-ABC4-7EE24112278C}.Debug|x86.ActiveCfg = Debug|Any CPU
		{BF666CA2-A967-4787-ABC4-7EE24112278C}.Debug|x86.Build.0 = Debug|Any CPU
		{BF666CA2-A967-4787-ABC4-7EE24112278C}.Release|Any CPU.ActiveCfg = Release|Any CPU
		{BF666CA2-A967-4787-ABC4-7EE24112278C}.Release|Any CPU.Build.0 = Release|Any CPU
		{BF666CA2-A967-4787-ABC4-7EE24112278C}.Release|x64.ActiveCfg = Release|Any CPU
		{BF666CA2-A967-4787-ABC4-7EE24112278C}.Release|x64.Build.0 = Release|Any CPU
		{BF666CA2-A967-4787-ABC4-7EE24112278C}.Release|x86.ActiveCfg = Release|Any CPU
		{BF666CA2-A967-4787-ABC4-7EE24112278C}.Release|x86.Build.0 = Release|Any CPU
		{718F9ADC-1A5B-4137-9EC2-43E2BB215868}.Debug|Any CPU.ActiveCfg = Debug|Any CPU
		{718F9ADC-1A5B-4137-9EC2-43E2BB215868}.Debug|Any CPU.Build.0 = Debug|Any CPU
		{718F9ADC-1A5B-4137-9EC2-43E2BB215868}.Debug|x64.ActiveCfg = Debug|Any CPU
		{718F9ADC-1A5B-4137-9EC2-43E2BB215868}.Debug|x64.Build.0 = Debug|Any CPU
		{718F9ADC-1A5B-4137-9EC2-43E2BB215868}.Debug|x86.ActiveCfg = Debug|Any CPU
		{718F9ADC-1A5B-4137-9EC2-43E2BB215868}.Debug|x86.Build.0 = Debug|Any CPU
		{718F9ADC-1A5B-4137-9EC2-43E2BB215868}.Release|Any CPU.ActiveCfg = Release|Any CPU
		{718F9ADC-1A5B-4137-9EC2-43E2BB215868}.Release|Any CPU.Build.0 = Release|Any CPU
		{718F9ADC-1A5B-4137-9EC2-43E2BB215868}.Release|x64.ActiveCfg = Release|Any CPU
		{718F9ADC-1A5B-4137-9EC2-43E2BB215868}.Release|x64.Build.0 = Release|Any CPU
		{718F9ADC-1A5B-4137-9EC2-43E2BB215868}.Release|x86.ActiveCfg = Release|Any CPU
		{718F9ADC-1A5B-4137-9EC2-43E2BB215868}.Release|x86.Build.0 = Release|Any CPU
		{61BD462E-E7AA-40F9-A2C6-9506701E85E7}.Debug|Any CPU.ActiveCfg = Debug|Any CPU
		{61BD462E-E7AA-40F9-A2C6-9506701E85E7}.Debug|Any CPU.Build.0 = Debug|Any CPU
		{61BD462E-E7AA-40F9-A2C6-9506701E85E7}.Debug|x64.ActiveCfg = Debug|Any CPU
		{61BD462E-E7AA-40F9-A2C6-9506701E85E7}.Debug|x64.Build.0 = Debug|Any CPU
		{61BD462E-E7AA-40F9-A2C6-9506701E85E7}.Debug|x86.ActiveCfg = Debug|Any CPU
		{61BD462E-E7AA-40F9-A2C6-9506701E85E7}.Debug|x86.Build.0 = Debug|Any CPU
		{61BD462E-E7AA-40F9-A2C6-9506701E85E7}.Release|Any CPU.ActiveCfg = Release|Any CPU
		{61BD462E-E7AA-40F9-A2C6-9506701E85E7}.Release|Any CPU.Build.0 = Release|Any CPU
		{61BD462E-E7AA-40F9-A2C6-9506701E85E7}.Release|x64.ActiveCfg = Release|Any CPU
		{61BD462E-E7AA-40F9-A2C6-9506701E85E7}.Release|x64.Build.0 = Release|Any CPU
		{61BD462E-E7AA-40F9-A2C6-9506701E85E7}.Release|x86.ActiveCfg = Release|Any CPU
		{61BD462E-E7AA-40F9-A2C6-9506701E85E7}.Release|x86.Build.0 = Release|Any CPU
		{7FA0D743-B0C3-432F-A823-CCBAA7B1F4EC}.Debug|Any CPU.ActiveCfg = Debug|Any CPU
		{7FA0D743-B0C3-432F-A823-CCBAA7B1F4EC}.Debug|Any CPU.Build.0 = Debug|Any CPU
		{7FA0D743-B0C3-432F-A823-CCBAA7B1F4EC}.Debug|x64.ActiveCfg = Debug|Any CPU
		{7FA0D743-B0C3-432F-A823-CCBAA7B1F4EC}.Debug|x64.Build.0 = Debug|Any CPU
		{7FA0D743-B0C3-432F-A823-CCBAA7B1F4EC}.Debug|x86.ActiveCfg = Debug|Any CPU
		{7FA0D743-B0C3-432F-A823-CCBAA7B1F4EC}.Debug|x86.Build.0 = Debug|Any CPU
		{7FA0D743-B0C3-432F-A823-CCBAA7B1F4EC}.Release|Any CPU.ActiveCfg = Release|Any CPU
		{7FA0D743-B0C3-432F-A823-CCBAA7B1F4EC}.Release|Any CPU.Build.0 = Release|Any CPU
		{7FA0D743-B0C3-432F-A823-CCBAA7B1F4EC}.Release|x64.ActiveCfg = Release|Any CPU
		{7FA0D743-B0C3-432F-A823-CCBAA7B1F4EC}.Release|x64.Build.0 = Release|Any CPU
		{7FA0D743-B0C3-432F-A823-CCBAA7B1F4EC}.Release|x86.ActiveCfg = Release|Any CPU
		{7FA0D743-B0C3-432F-A823-CCBAA7B1F4EC}.Release|x86.Build.0 = Release|Any CPU
		{4FC57080-2327-4046-9FD7-7EEFD3777498}.Debug|Any CPU.ActiveCfg = Debug|Any CPU
		{4FC57080-2327-4046-9FD7-7EEFD3777498}.Debug|Any CPU.Build.0 = Debug|Any CPU
		{4FC57080-2327-4046-9FD7-7EEFD3777498}.Debug|x64.ActiveCfg = Debug|Any CPU
		{4FC57080-2327-4046-9FD7-7EEFD3777498}.Debug|x64.Build.0 = Debug|Any CPU
		{4FC57080-2327-4046-9FD7-7EEFD3777498}.Debug|x86.ActiveCfg = Debug|Any CPU
		{4FC57080-2327-4046-9FD7-7EEFD3777498}.Debug|x86.Build.0 = Debug|Any CPU
		{4FC57080-2327-4046-9FD7-7EEFD3777498}.Release|Any CPU.ActiveCfg = Release|Any CPU
		{4FC57080-2327-4046-9FD7-7EEFD3777498}.Release|Any CPU.Build.0 = Release|Any CPU
		{4FC57080-2327-4046-9FD7-7EEFD3777498}.Release|x64.ActiveCfg = Release|Any CPU
		{4FC57080-2327-4046-9FD7-7EEFD3777498}.Release|x64.Build.0 = Release|Any CPU
		{4FC57080-2327-4046-9FD7-7EEFD3777498}.Release|x86.ActiveCfg = Release|Any CPU
		{4FC57080-2327-4046-9FD7-7EEFD3777498}.Release|x86.Build.0 = Release|Any CPU
		{13E9082D-98DC-4560-B3FD-4142A5498C26}.Debug|Any CPU.ActiveCfg = Debug|Any CPU
		{13E9082D-98DC-4560-B3FD-4142A5498C26}.Debug|Any CPU.Build.0 = Debug|Any CPU
		{13E9082D-98DC-4560-B3FD-4142A5498C26}.Debug|x64.ActiveCfg = Debug|Any CPU
		{13E9082D-98DC-4560-B3FD-4142A5498C26}.Debug|x64.Build.0 = Debug|Any CPU
		{13E9082D-98DC-4560-B3FD-4142A5498C26}.Debug|x86.ActiveCfg = Debug|Any CPU
		{13E9082D-98DC-4560-B3FD-4142A5498C26}.Debug|x86.Build.0 = Debug|Any CPU
		{13E9082D-98DC-4560-B3FD-4142A5498C26}.Release|Any CPU.ActiveCfg = Release|Any CPU
		{13E9082D-98DC-4560-B3FD-4142A5498C26}.Release|Any CPU.Build.0 = Release|Any CPU
		{13E9082D-98DC-4560-B3FD-4142A5498C26}.Release|x64.ActiveCfg = Release|Any CPU
		{13E9082D-98DC-4560-B3FD-4142A5498C26}.Release|x64.Build.0 = Release|Any CPU
		{13E9082D-98DC-4560-B3FD-4142A5498C26}.Release|x86.ActiveCfg = Release|Any CPU
		{13E9082D-98DC-4560-B3FD-4142A5498C26}.Release|x86.Build.0 = Release|Any CPU
		{10DF3657-9904-4DE1-BC8A-C797D331FE6C}.Debug|Any CPU.ActiveCfg = Debug|Any CPU
		{10DF3657-9904-4DE1-BC8A-C797D331FE6C}.Debug|Any CPU.Build.0 = Debug|Any CPU
		{10DF3657-9904-4DE1-BC8A-C797D331FE6C}.Debug|x64.ActiveCfg = Debug|Any CPU
		{10DF3657-9904-4DE1-BC8A-C797D331FE6C}.Debug|x64.Build.0 = Debug|Any CPU
		{10DF3657-9904-4DE1-BC8A-C797D331FE6C}.Debug|x86.ActiveCfg = Debug|Any CPU
		{10DF3657-9904-4DE1-BC8A-C797D331FE6C}.Debug|x86.Build.0 = Debug|Any CPU
		{10DF3657-9904-4DE1-BC8A-C797D331FE6C}.Release|Any CPU.ActiveCfg = Release|Any CPU
		{10DF3657-9904-4DE1-BC8A-C797D331FE6C}.Release|Any CPU.Build.0 = Release|Any CPU
		{10DF3657-9904-4DE1-BC8A-C797D331FE6C}.Release|x64.ActiveCfg = Release|Any CPU
		{10DF3657-9904-4DE1-BC8A-C797D331FE6C}.Release|x64.Build.0 = Release|Any CPU
		{10DF3657-9904-4DE1-BC8A-C797D331FE6C}.Release|x86.ActiveCfg = Release|Any CPU
		{10DF3657-9904-4DE1-BC8A-C797D331FE6C}.Release|x86.Build.0 = Release|Any CPU
		{A783F437-DC34-4599-B701-EA8366561205}.Debug|Any CPU.ActiveCfg = Debug|Any CPU
		{A783F437-DC34-4599-B701-EA8366561205}.Debug|Any CPU.Build.0 = Debug|Any CPU
		{A783F437-DC34-4599-B701-EA8366561205}.Debug|x64.ActiveCfg = Debug|Any CPU
		{A783F437-DC34-4599-B701-EA8366561205}.Debug|x64.Build.0 = Debug|Any CPU
		{A783F437-DC34-4599-B701-EA8366561205}.Debug|x86.ActiveCfg = Debug|Any CPU
		{A783F437-DC34-4599-B701-EA8366561205}.Debug|x86.Build.0 = Debug|Any CPU
		{A783F437-DC34-4599-B701-EA8366561205}.Release|Any CPU.ActiveCfg = Release|Any CPU
		{A783F437-DC34-4599-B701-EA8366561205}.Release|Any CPU.Build.0 = Release|Any CPU
		{A783F437-DC34-4599-B701-EA8366561205}.Release|x64.ActiveCfg = Release|Any CPU
		{A783F437-DC34-4599-B701-EA8366561205}.Release|x64.Build.0 = Release|Any CPU
		{A783F437-DC34-4599-B701-EA8366561205}.Release|x86.ActiveCfg = Release|Any CPU
		{A783F437-DC34-4599-B701-EA8366561205}.Release|x86.Build.0 = Release|Any CPU
		{5536EEAF-4E36-4595-908F-FBDA7A7FFBD9}.Debug|Any CPU.ActiveCfg = Debug|Any CPU
		{5536EEAF-4E36-4595-908F-FBDA7A7FFBD9}.Debug|Any CPU.Build.0 = Debug|Any CPU
		{5536EEAF-4E36-4595-908F-FBDA7A7FFBD9}.Debug|x64.ActiveCfg = Debug|Any CPU
		{5536EEAF-4E36-4595-908F-FBDA7A7FFBD9}.Debug|x64.Build.0 = Debug|Any CPU
		{5536EEAF-4E36-4595-908F-FBDA7A7FFBD9}.Debug|x86.ActiveCfg = Debug|Any CPU
		{5536EEAF-4E36-4595-908F-FBDA7A7FFBD9}.Debug|x86.Build.0 = Debug|Any CPU
		{5536EEAF-4E36-4595-908F-FBDA7A7FFBD9}.Release|Any CPU.ActiveCfg = Release|Any CPU
		{5536EEAF-4E36-4595-908F-FBDA7A7FFBD9}.Release|Any CPU.Build.0 = Release|Any CPU
		{5536EEAF-4E36-4595-908F-FBDA7A7FFBD9}.Release|x64.ActiveCfg = Release|Any CPU
		{5536EEAF-4E36-4595-908F-FBDA7A7FFBD9}.Release|x64.Build.0 = Release|Any CPU
		{5536EEAF-4E36-4595-908F-FBDA7A7FFBD9}.Release|x86.ActiveCfg = Release|Any CPU
		{5536EEAF-4E36-4595-908F-FBDA7A7FFBD9}.Release|x86.Build.0 = Release|Any CPU
		{77C731FC-BABA-4AA6-B361-68A2ADB060F6}.Debug|Any CPU.ActiveCfg = Debug|Any CPU
		{77C731FC-BABA-4AA6-B361-68A2ADB060F6}.Debug|Any CPU.Build.0 = Debug|Any CPU
		{77C731FC-BABA-4AA6-B361-68A2ADB060F6}.Debug|x64.ActiveCfg = Debug|Any CPU
		{77C731FC-BABA-4AA6-B361-68A2ADB060F6}.Debug|x64.Build.0 = Debug|Any CPU
		{77C731FC-BABA-4AA6-B361-68A2ADB060F6}.Debug|x86.ActiveCfg = Debug|Any CPU
		{77C731FC-BABA-4AA6-B361-68A2ADB060F6}.Debug|x86.Build.0 = Debug|Any CPU
		{77C731FC-BABA-4AA6-B361-68A2ADB060F6}.Release|Any CPU.ActiveCfg = Release|Any CPU
		{77C731FC-BABA-4AA6-B361-68A2ADB060F6}.Release|Any CPU.Build.0 = Release|Any CPU
		{77C731FC-BABA-4AA6-B361-68A2ADB060F6}.Release|x64.ActiveCfg = Release|Any CPU
		{77C731FC-BABA-4AA6-B361-68A2ADB060F6}.Release|x64.Build.0 = Release|Any CPU
		{77C731FC-BABA-4AA6-B361-68A2ADB060F6}.Release|x86.ActiveCfg = Release|Any CPU
		{77C731FC-BABA-4AA6-B361-68A2ADB060F6}.Release|x86.Build.0 = Release|Any CPU
		{1D13586A-1989-415C-BA15-E74BEC34738A}.Debug|Any CPU.ActiveCfg = Debug|Any CPU
		{1D13586A-1989-415C-BA15-E74BEC34738A}.Debug|Any CPU.Build.0 = Debug|Any CPU
		{1D13586A-1989-415C-BA15-E74BEC34738A}.Debug|x64.ActiveCfg = Debug|Any CPU
		{1D13586A-1989-415C-BA15-E74BEC34738A}.Debug|x64.Build.0 = Debug|Any CPU
		{1D13586A-1989-415C-BA15-E74BEC34738A}.Debug|x86.ActiveCfg = Debug|Any CPU
		{1D13586A-1989-415C-BA15-E74BEC34738A}.Debug|x86.Build.0 = Debug|Any CPU
		{1D13586A-1989-415C-BA15-E74BEC34738A}.Release|Any CPU.ActiveCfg = Release|Any CPU
		{1D13586A-1989-415C-BA15-E74BEC34738A}.Release|Any CPU.Build.0 = Release|Any CPU
		{1D13586A-1989-415C-BA15-E74BEC34738A}.Release|x64.ActiveCfg = Release|Any CPU
		{1D13586A-1989-415C-BA15-E74BEC34738A}.Release|x64.Build.0 = Release|Any CPU
		{1D13586A-1989-415C-BA15-E74BEC34738A}.Release|x86.ActiveCfg = Release|Any CPU
		{1D13586A-1989-415C-BA15-E74BEC34738A}.Release|x86.Build.0 = Release|Any CPU
		{DC60EE8F-A937-42F6-ACEF-1FA4A2524D6B}.Debug|Any CPU.ActiveCfg = Debug|Any CPU
		{DC60EE8F-A937-42F6-ACEF-1FA4A2524D6B}.Debug|Any CPU.Build.0 = Debug|Any CPU
		{DC60EE8F-A937-42F6-ACEF-1FA4A2524D6B}.Debug|x64.ActiveCfg = Debug|Any CPU
		{DC60EE8F-A937-42F6-ACEF-1FA4A2524D6B}.Debug|x64.Build.0 = Debug|Any CPU
		{DC60EE8F-A937-42F6-ACEF-1FA4A2524D6B}.Debug|x86.ActiveCfg = Debug|Any CPU
		{DC60EE8F-A937-42F6-ACEF-1FA4A2524D6B}.Debug|x86.Build.0 = Debug|Any CPU
		{DC60EE8F-A937-42F6-ACEF-1FA4A2524D6B}.Release|Any CPU.ActiveCfg = Release|Any CPU
		{DC60EE8F-A937-42F6-ACEF-1FA4A2524D6B}.Release|Any CPU.Build.0 = Release|Any CPU
		{DC60EE8F-A937-42F6-ACEF-1FA4A2524D6B}.Release|x64.ActiveCfg = Release|Any CPU
		{DC60EE8F-A937-42F6-ACEF-1FA4A2524D6B}.Release|x64.Build.0 = Release|Any CPU
		{DC60EE8F-A937-42F6-ACEF-1FA4A2524D6B}.Release|x86.ActiveCfg = Release|Any CPU
		{DC60EE8F-A937-42F6-ACEF-1FA4A2524D6B}.Release|x86.Build.0 = Release|Any CPU
		{FC73B449-BC98-4887-BE57-B0375997E76C}.Debug|Any CPU.ActiveCfg = Debug|Any CPU
		{FC73B449-BC98-4887-BE57-B0375997E76C}.Debug|Any CPU.Build.0 = Debug|Any CPU
		{FC73B449-BC98-4887-BE57-B0375997E76C}.Debug|x64.ActiveCfg = Debug|Any CPU
		{FC73B449-BC98-4887-BE57-B0375997E76C}.Debug|x64.Build.0 = Debug|Any CPU
		{FC73B449-BC98-4887-BE57-B0375997E76C}.Debug|x86.ActiveCfg = Debug|Any CPU
		{FC73B449-BC98-4887-BE57-B0375997E76C}.Debug|x86.Build.0 = Debug|Any CPU
		{FC73B449-BC98-4887-BE57-B0375997E76C}.Release|Any CPU.ActiveCfg = Release|Any CPU
		{FC73B449-BC98-4887-BE57-B0375997E76C}.Release|Any CPU.Build.0 = Release|Any CPU
		{FC73B449-BC98-4887-BE57-B0375997E76C}.Release|x64.ActiveCfg = Release|Any CPU
		{FC73B449-BC98-4887-BE57-B0375997E76C}.Release|x64.Build.0 = Release|Any CPU
		{FC73B449-BC98-4887-BE57-B0375997E76C}.Release|x86.ActiveCfg = Release|Any CPU
		{FC73B449-BC98-4887-BE57-B0375997E76C}.Release|x86.Build.0 = Release|Any CPU
		{2C44F0C0-31F9-4010-8239-1CFF09EF2F99}.Debug|Any CPU.ActiveCfg = Debug|Any CPU
		{2C44F0C0-31F9-4010-8239-1CFF09EF2F99}.Debug|Any CPU.Build.0 = Debug|Any CPU
		{2C44F0C0-31F9-4010-8239-1CFF09EF2F99}.Debug|x64.ActiveCfg = Debug|Any CPU
		{2C44F0C0-31F9-4010-8239-1CFF09EF2F99}.Debug|x64.Build.0 = Debug|Any CPU
		{2C44F0C0-31F9-4010-8239-1CFF09EF2F99}.Debug|x86.ActiveCfg = Debug|Any CPU
		{2C44F0C0-31F9-4010-8239-1CFF09EF2F99}.Debug|x86.Build.0 = Debug|Any CPU
		{2C44F0C0-31F9-4010-8239-1CFF09EF2F99}.Release|Any CPU.ActiveCfg = Release|Any CPU
		{2C44F0C0-31F9-4010-8239-1CFF09EF2F99}.Release|Any CPU.Build.0 = Release|Any CPU
		{2C44F0C0-31F9-4010-8239-1CFF09EF2F99}.Release|x64.ActiveCfg = Release|Any CPU
		{2C44F0C0-31F9-4010-8239-1CFF09EF2F99}.Release|x64.Build.0 = Release|Any CPU
		{2C44F0C0-31F9-4010-8239-1CFF09EF2F99}.Release|x86.ActiveCfg = Release|Any CPU
		{2C44F0C0-31F9-4010-8239-1CFF09EF2F99}.Release|x86.Build.0 = Release|Any CPU
		{18F66B95-B591-40D7-A9E9-EE4B4FB88CE4}.Debug|Any CPU.ActiveCfg = Debug|Any CPU
		{18F66B95-B591-40D7-A9E9-EE4B4FB88CE4}.Debug|Any CPU.Build.0 = Debug|Any CPU
		{18F66B95-B591-40D7-A9E9-EE4B4FB88CE4}.Debug|x64.ActiveCfg = Debug|Any CPU
		{18F66B95-B591-40D7-A9E9-EE4B4FB88CE4}.Debug|x64.Build.0 = Debug|Any CPU
		{18F66B95-B591-40D7-A9E9-EE4B4FB88CE4}.Debug|x86.ActiveCfg = Debug|Any CPU
		{18F66B95-B591-40D7-A9E9-EE4B4FB88CE4}.Debug|x86.Build.0 = Debug|Any CPU
		{18F66B95-B591-40D7-A9E9-EE4B4FB88CE4}.Release|Any CPU.ActiveCfg = Release|Any CPU
		{18F66B95-B591-40D7-A9E9-EE4B4FB88CE4}.Release|Any CPU.Build.0 = Release|Any CPU
		{18F66B95-B591-40D7-A9E9-EE4B4FB88CE4}.Release|x64.ActiveCfg = Release|Any CPU
		{18F66B95-B591-40D7-A9E9-EE4B4FB88CE4}.Release|x64.Build.0 = Release|Any CPU
		{18F66B95-B591-40D7-A9E9-EE4B4FB88CE4}.Release|x86.ActiveCfg = Release|Any CPU
		{18F66B95-B591-40D7-A9E9-EE4B4FB88CE4}.Release|x86.Build.0 = Release|Any CPU
	EndGlobalSection
	GlobalSection(SolutionProperties) = preSolution
		HideSolutionNode = FALSE
	EndGlobalSection
	GlobalSection(ExtensibilityGlobals) = postSolution
		SolutionGuid = {DA7F0B7C-8DF1-4EA0-B621-7A911625C2B0}
	EndGlobalSection
EndGlobal
